
Microsoft Visual Studio Solution File, Format Version 12.00
Project("{FAE04EC0-301F-11D3-BF4B-00C04F79EFBC}") = "Parking", "Parking\Parking.csproj", "{442A00A9-0700-431B-8578-91104F77C008}"
EndProject
Global
	GlobalSection(SolutionConfigurationPlatforms) = preSolution
		Debug|Any CPU = Debug|Any CPU
		Release|Any CPU = Release|Any CPU
	EndGlobalSection
	GlobalSection(ProjectConfigurationPlatforms) = postSolution
		{442A00A9-0700-431B-8578-91104F77C008}.Debug|Any CPU.ActiveCfg = Debug|Any CPU
		{442A00A9-0700-431B-8578-91104F77C008}.Debug|Any CPU.Build.0 = Debug|Any CPU
		{442A00A9-0700-431B-8578-91104F77C008}.Release|Any CPU.ActiveCfg = Release|Any CPU
		{442A00A9-0700-431B-8578-91104F77C008}.Release|Any CPU.Build.0 = Release|Any CPU
	EndGlobalSection
EndGlobal
